
Microsoft Visual Studio Solution File, Format Version 12.00
# Visual Studio Version 17
VisualStudioVersion = 17.8.34322.80
MinimumVisualStudioVersion = 10.0.40219.1
Project("{FAE04EC0-301F-11D3-BF4B-00C04F79EFBC}") = "LoginSignupFormWithPostgreSQL", "LoginSignupFormWithPostgreSQL\LoginSignupFormWithPostgreSQL.csproj", "{47B670AD-37CA-41E6-BD75-519AFE96947A}"
EndProject
Global
	GlobalSection(SolutionConfigurationPlatforms) = preSolution
		Debug|Any CPU = Debug|Any CPU
		Release|Any CPU = Release|Any CPU
	EndGlobalSection
	GlobalSection(ProjectConfigurationPlatforms) = postSolution
		{47B670AD-37CA-41E6-BD75-519AFE96947A}.Debug|Any CPU.ActiveCfg = Debug|Any CPU
		{47B670AD-37CA-41E6-BD75-519AFE96947A}.Debug|Any CPU.Build.0 = Debug|Any CPU
		{47B670AD-37CA-41E6-BD75-519AFE96947A}.Release|Any CPU.ActiveCfg = Release|Any CPU
		{47B670AD-37CA-41E6-BD75-519AFE96947A}.Release|Any CPU.Build.0 = Release|Any CPU
	EndGlobalSection
	GlobalSection(SolutionProperties) = preSolution
		HideSolutionNode = FALSE
	EndGlobalSection
	GlobalSection(ExtensibilityGlobals) = postSolution
		SolutionGuid = {9EA561CE-35F1-4580-9E8F-5E7716FE8821}
	EndGlobalSection
EndGlobal
